// !$*UTF8*$!
{
	archiveVersion = 1;
	classes = {
	};
	objectVersion = 48;
	objects = {

/* Begin PBXBuildFile section */
		DC2D532E20330D3700C60BE7 /* DreamLister.xcdatamodeld in Sources */ = {isa = PBXBuildFile; fileRef = DC2D532C20330D3700C60BE7 /* DreamLister.xcdatamodeld */; };
		DC3C98FB203253ED00A9E659 /* AppDelegate.swift in Sources */ = {isa = PBXBuildFile; fileRef = DC3C98FA203253ED00A9E659 /* AppDelegate.swift */; };
		DC3C98FD203253ED00A9E659 /* MainVC.swift in Sources */ = {isa = PBXBuildFile; fileRef = DC3C98FC203253ED00A9E659 /* MainVC.swift */; };
		DC3C9900203253ED00A9E659 /* Main.storyboard in Resources */ = {isa = PBXBuildFile; fileRef = DC3C98FE203253ED00A9E659 /* Main.storyboard */; };
		DC3C9905203253ED00A9E659 /* Assets.xcassets in Resources */ = {isa = PBXBuildFile; fileRef = DC3C9904203253ED00A9E659 /* Assets.xcassets */; };
		DC3C9908203253ED00A9E659 /* LaunchScreen.storyboard in Resources */ = {isa = PBXBuildFile; fileRef = DC3C9906203253ED00A9E659 /* LaunchScreen.storyboard */; };
		DC76E54F2037C18E006E4B89 /* ItemDetailsVC.swift in Sources */ = {isa = PBXBuildFile; fileRef = DC76E54E2037C18E006E4B89 /* ItemDetailsVC.swift */; };
		DC76E5512037C367006E4B89 /* imagePick.png in Resources */ = {isa = PBXBuildFile; fileRef = DC76E5502037C367006E4B89 /* imagePick.png */; };
		DC76E5532037C739006E4B89 /* CustomTextField.swift in Sources */ = {isa = PBXBuildFile; fileRef = DC76E5522037C738006E4B89 /* CustomTextField.swift */; };
		DC8BE192203324FF003D2C19 /* Item+CoreDataClass.swift in Sources */ = {isa = PBXBuildFile; fileRef = DC8BE18A203324FF003D2C19 /* Item+CoreDataClass.swift */; };
		DC8BE193203324FF003D2C19 /* Item+CoreDataProperties.swift in Sources */ = {isa = PBXBuildFile; fileRef = DC8BE18B203324FF003D2C19 /* Item+CoreDataProperties.swift */; };
		DC8BE194203324FF003D2C19 /* ItemType+CoreDataClass.swift in Sources */ = {isa = PBXBuildFile; fileRef = DC8BE18C203324FF003D2C19 /* ItemType+CoreDataClass.swift */; };
		DC8BE195203324FF003D2C19 /* ItemType+CoreDataProperties.swift in Sources */ = {isa = PBXBuildFile; fileRef = DC8BE18D203324FF003D2C19 /* ItemType+CoreDataProperties.swift */; };
		DC8BE196203324FF003D2C19 /* Store+CoreDataClass.swift in Sources */ = {isa = PBXBuildFile; fileRef = DC8BE18E203324FF003D2C19 /* Store+CoreDataClass.swift */; };
		DC8BE197203324FF003D2C19 /* Store+CoreDataProperties.swift in Sources */ = {isa = PBXBuildFile; fileRef = DC8BE18F203324FF003D2C19 /* Store+CoreDataProperties.swift */; };
		DC8BE198203324FF003D2C19 /* Image+CoreDataClass.swift in Sources */ = {isa = PBXBuildFile; fileRef = DC8BE190203324FF003D2C19 /* Image+CoreDataClass.swift */; };
		DC8BE199203324FF003D2C19 /* Image+CoreDataProperties.swift in Sources */ = {isa = PBXBuildFile; fileRef = DC8BE191203324FF003D2C19 /* Image+CoreDataProperties.swift */; };
		DC8BE19C20334F37003D2C19 /* teslaS.jpg in Resources */ = {isa = PBXBuildFile; fileRef = DC8BE19B20334F37003D2C19 /* teslaS.jpg */; };
		DC8BE19E20334F98003D2C19 /* MaterialView.swift in Sources */ = {isa = PBXBuildFile; fileRef = DC8BE19D20334F98003D2C19 /* MaterialView.swift */; };
		DC8BE1A02033731D003D2C19 /* ItemCell.swift in Sources */ = {isa = PBXBuildFile; fileRef = DC8BE19F2033731D003D2C19 /* ItemCell.swift */; };
/* End PBXBuildFile section */

/* Begin PBXFileReference section */
		DC2D532D20330D3700C60BE7 /* DreamLister.xcdatamodel */ = {isa = PBXFileReference; lastKnownFileType = wrapper.xcdatamodel; path = DreamLister.xcdatamodel; sourceTree = "<group>"; };
		DC3C98F7203253ED00A9E659 /* DreamLister.app */ = {isa = PBXFileReference; explicitFileType = wrapper.application; includeInIndex = 0; path = DreamLister.app; sourceTree = BUILT_PRODUCTS_DIR; };
		DC3C98FA203253ED00A9E659 /* AppDelegate.swift */ = {isa = PBXFileReference; lastKnownFileType = sourcecode.swift; path = AppDelegate.swift; sourceTree = "<group>"; };
		DC3C98FC203253ED00A9E659 /* MainVC.swift */ = {isa = PBXFileReference; lastKnownFileType = sourcecode.swift; path = MainVC.swift; sourceTree = "<group>"; };
		DC3C98FF203253ED00A9E659 /* Base */ = {isa = PBXFileReference; lastKnownFileType = file.storyboard; name = Base; path = Base.lproj/Main.storyboard; sourceTree = "<group>"; };
		DC3C9904203253ED00A9E659 /* Assets.xcassets */ = {isa = PBXFileReference; lastKnownFileType = folder.assetcatalog; path = Assets.xcassets; sourceTree = "<group>"; };
		DC3C9907203253ED00A9E659 /* Base */ = {isa = PBXFileReference; lastKnownFileType = file.storyboard; name = Base; path = Base.lproj/LaunchScreen.storyboard; sourceTree = "<group>"; };
		DC3C9909203253ED00A9E659 /* Info.plist */ = {isa = PBXFileReference; lastKnownFileType = text.plist.xml; path = Info.plist; sourceTree = "<group>"; };
		DC76E54E2037C18E006E4B89 /* ItemDetailsVC.swift */ = {isa = PBXFileReference; lastKnownFileType = sourcecode.swift; path = ItemDetailsVC.swift; sourceTree = "<group>"; };
		DC76E5502037C367006E4B89 /* imagePick.png */ = {isa = PBXFileReference; lastKnownFileType = image.png; path = imagePick.png; sourceTree = "<group>"; };
		DC76E5522037C738006E4B89 /* CustomTextField.swift */ = {isa = PBXFileReference; fileEncoding = 4; lastKnownFileType = sourcecode.swift; path = CustomTextField.swift; sourceTree = "<group>"; };
		DC8BE18A203324FF003D2C19 /* Item+CoreDataClass.swift */ = {isa = PBXFileReference; lastKnownFileType = sourcecode.swift; path = "Item+CoreDataClass.swift"; sourceTree = "<group>"; };
		DC8BE18B203324FF003D2C19 /* Item+CoreDataProperties.swift */ = {isa = PBXFileReference; lastKnownFileType = sourcecode.swift; path = "Item+CoreDataProperties.swift"; sourceTree = "<group>"; };
		DC8BE18C203324FF003D2C19 /* ItemType+CoreDataClass.swift */ = {isa = PBXFileReference; lastKnownFileType = sourcecode.swift; path = "ItemType+CoreDataClass.swift"; sourceTree = "<group>"; };
		DC8BE18D203324FF003D2C19 /* ItemType+CoreDataProperties.swift */ = {isa = PBXFileReference; lastKnownFileType = sourcecode.swift; path = "ItemType+CoreDataProperties.swift"; sourceTree = "<group>"; };
		DC8BE18E203324FF003D2C19 /* Store+CoreDataClass.swift */ = {isa = PBXFileReference; lastKnownFileType = sourcecode.swift; path = "Store+CoreDataClass.swift"; sourceTree = "<group>"; };
		DC8BE18F203324FF003D2C19 /* Store+CoreDataProperties.swift */ = {isa = PBXFileReference; lastKnownFileType = sourcecode.swift; path = "Store+CoreDataProperties.swift"; sourceTree = "<group>"; };
		DC8BE190203324FF003D2C19 /* Image+CoreDataClass.swift */ = {isa = PBXFileReference; lastKnownFileType = sourcecode.swift; path = "Image+CoreDataClass.swift"; sourceTree = "<group>"; };
		DC8BE191203324FF003D2C19 /* Image+CoreDataProperties.swift */ = {isa = PBXFileReference; lastKnownFileType = sourcecode.swift; path = "Image+CoreDataProperties.swift"; sourceTree = "<group>"; };
		DC8BE19B20334F37003D2C19 /* teslaS.jpg */ = {isa = PBXFileReference; lastKnownFileType = image.jpeg; path = teslaS.jpg; sourceTree = "<group>"; };
		DC8BE19D20334F98003D2C19 /* MaterialView.swift */ = {isa = PBXFileReference; lastKnownFileType = sourcecode.swift; path = MaterialView.swift; sourceTree = "<group>"; };
		DC8BE19F2033731D003D2C19 /* ItemCell.swift */ = {isa = PBXFileReference; lastKnownFileType = sourcecode.swift; path = ItemCell.swift; sourceTree = "<group>"; };
/* End PBXFileReference section */

/* Begin PBXFrameworksBuildPhase section */
		DC3C98F4203253ED00A9E659 /* Frameworks */ = {
			isa = PBXFrameworksBuildPhase;
			buildActionMask = 2147483647;
			files = (
			);
			runOnlyForDeploymentPostprocessing = 0;
		};
/* End PBXFrameworksBuildPhase section */

/* Begin PBXGroup section */
		DC26FAF020331FC900C6F5E2 /* Model */ = {
			isa = PBXGroup;
			children = (
				DC8BE190203324FF003D2C19 /* Image+CoreDataClass.swift */,
				DC8BE18C203324FF003D2C19 /* ItemType+CoreDataClass.swift */,
				DC8BE18A203324FF003D2C19 /* Item+CoreDataClass.swift */,
				DC8BE18E203324FF003D2C19 /* Store+CoreDataClass.swift */,
				DC26FAF32033201F00C6F5E2 /* Generated */,
			);
			path = Model;
			sourceTree = "<group>";
		};
		DC26FAF120331FD800C6F5E2 /* View */ = {
			isa = PBXGroup;
			children = (
				DC76E5522037C738006E4B89 /* CustomTextField.swift */,
				DC8BE19D20334F98003D2C19 /* MaterialView.swift */,
				DC8BE19F2033731D003D2C19 /* ItemCell.swift */,
			);
			path = View;
			sourceTree = "<group>";
		};
		DC26FAF220331FE600C6F5E2 /* Controller */ = {
			isa = PBXGroup;
			children = (
				DC3C98FC203253ED00A9E659 /* MainVC.swift */,
				DC76E54E2037C18E006E4B89 /* ItemDetailsVC.swift */,
			);
			path = Controller;
			sourceTree = "<group>";
		};
		DC26FAF32033201F00C6F5E2 /* Generated */ = {
			isa = PBXGroup;
			children = (
				DC8BE191203324FF003D2C19 /* Image+CoreDataProperties.swift */,
				DC8BE18D203324FF003D2C19 /* ItemType+CoreDataProperties.swift */,
				DC8BE18B203324FF003D2C19 /* Item+CoreDataProperties.swift */,
				DC8BE18F203324FF003D2C19 /* Store+CoreDataProperties.swift */,
			);
			name = Generated;
			sourceTree = "<group>";
		};
		DC3C98EE203253ED00A9E659 = {
			isa = PBXGroup;
			children = (
				DC3C98F9203253ED00A9E659 /* DreamLister */,
				DC3C98F8203253ED00A9E659 /* Products */,
			);
			sourceTree = "<group>";
		};
		DC3C98F8203253ED00A9E659 /* Products */ = {
			isa = PBXGroup;
			children = (
				DC3C98F7203253ED00A9E659 /* DreamLister.app */,
			);
			name = Products;
			sourceTree = "<group>";
		};
		DC3C98F9203253ED00A9E659 /* DreamLister */ = {
			isa = PBXGroup;
			children = (
				DC8BE19A20334F2A003D2C19 /* Sources */,
				DC26FAF220331FE600C6F5E2 /* Controller */,
				DC26FAF120331FD800C6F5E2 /* View */,
				DC26FAF020331FC900C6F5E2 /* Model */,
				DC3C98FA203253ED00A9E659 /* AppDelegate.swift */,
				DC3C9904203253ED00A9E659 /* Assets.xcassets */,
				DC3C9906203253ED00A9E659 /* LaunchScreen.storyboard */,
				DC3C9909203253ED00A9E659 /* Info.plist */,
				DC3C98FE203253ED00A9E659 /* Main.storyboard */,
				DC2D532C20330D3700C60BE7 /* DreamLister.xcdatamodeld */,
			);
			path = DreamLister;
			sourceTree = "<group>";
		};
		DC8BE19A20334F2A003D2C19 /* Sources */ = {
			isa = PBXGroup;
			children = (
				DC76E5502037C367006E4B89 /* imagePick.png */,
				DC8BE19B20334F37003D2C19 /* teslaS.jpg */,
			);
			path = Sources;
			sourceTree = "<group>";
		};
/* End PBXGroup section */

/* Begin PBXNativeTarget section */
		DC3C98F6203253ED00A9E659 /* DreamLister */ = {
			isa = PBXNativeTarget;
			buildConfigurationList = DC3C990C203253ED00A9E659 /* Build configuration list for PBXNativeTarget "DreamLister" */;
			buildPhases = (
				DC3C98F3203253ED00A9E659 /* Sources */,
				DC3C98F4203253ED00A9E659 /* Frameworks */,
				DC3C98F5203253ED00A9E659 /* Resources */,
			);
			buildRules = (
			);
			dependencies = (
			);
			name = DreamLister;
			productName = DreamLister;
			productReference = DC3C98F7203253ED00A9E659 /* DreamLister.app */;
			productType = "com.apple.product-type.application";
		};
/* End PBXNativeTarget section */

/* Begin PBXProject section */
		DC3C98EF203253ED00A9E659 /* Project object */ = {
			isa = PBXProject;
			attributes = {
				LastSwiftUpdateCheck = 0920;
				LastUpgradeCheck = 0920;
				ORGANIZATIONNAME = "Aleksei Degtiarev";
				TargetAttributes = {
					DC3C98F6203253ED00A9E659 = {
						CreatedOnToolsVersion = 9.2;
						ProvisioningStyle = Automatic;
					};
				};
			};
			buildConfigurationList = DC3C98F2203253ED00A9E659 /* Build configuration list for PBXProject "DreamLister" */;
			compatibilityVersion = "Xcode 8.0";
			developmentRegion = en;
			hasScannedForEncodings = 0;
			knownRegions = (
				en,
				Base,
			);
			mainGroup = DC3C98EE203253ED00A9E659;
			productRefGroup = DC3C98F8203253ED00A9E659 /* Products */;
			projectDirPath = "";
			projectRoot = "";
			targets = (
				DC3C98F6203253ED00A9E659 /* DreamLister */,
			);
		};
/* End PBXProject section */

/* Begin PBXResourcesBuildPhase section */
		DC3C98F5203253ED00A9E659 /* Resources */ = {
			isa = PBXResourcesBuildPhase;
			buildActionMask = 2147483647;
			files = (
				DC3C9908203253ED00A9E659 /* LaunchScreen.storyboard in Resources */,
				DC3C9905203253ED00A9E659 /* Assets.xcassets in Resources */,
				DC3C9900203253ED00A9E659 /* Main.storyboard in Resources */,
				DC8BE19C20334F37003D2C19 /* teslaS.jpg in Resources */,
				DC76E5512037C367006E4B89 /* imagePick.png in Resources */,
			);
			runOnlyForDeploymentPostprocessing = 0;
		};
/* End PBXResourcesBuildPhase section */

/* Begin PBXSourcesBuildPhase section */
		DC3C98F3203253ED00A9E659 /* Sources */ = {
			isa = PBXSourcesBuildPhase;
			buildActionMask = 2147483647;
			files = (
				DC8BE1A02033731D003D2C19 /* ItemCell.swift in Sources */,
				DC8BE194203324FF003D2C19 /* ItemType+CoreDataClass.swift in Sources */,
				DC3C98FD203253ED00A9E659 /* MainVC.swift in Sources */,
				DC3C98FB203253ED00A9E659 /* AppDelegate.swift in Sources */,
				DC8BE19E20334F98003D2C19 /* MaterialView.swift in Sources */,
				DC8BE192203324FF003D2C19 /* Item+CoreDataClass.swift in Sources */,
				DC8BE197203324FF003D2C19 /* Store+CoreDataProperties.swift in Sources */,
				DC2D532E20330D3700C60BE7 /* DreamLister.xcdatamodeld in Sources */,
				DC76E54F2037C18E006E4B89 /* ItemDetailsVC.swift in Sources */,
				DC8BE196203324FF003D2C19 /* Store+CoreDataClass.swift in Sources */,
				DC8BE195203324FF003D2C19 /* ItemType+CoreDataProperties.swift in Sources */,
				DC8BE193203324FF003D2C19 /* Item+CoreDataProperties.swift in Sources */,
				DC8BE198203324FF003D2C19 /* Image+CoreDataClass.swift in Sources */,
				DC8BE199203324FF003D2C19 /* Image+CoreDataProperties.swift in Sources */,
				DC76E5532037C739006E4B89 /* CustomTextField.swift in Sources */,
			);
			runOnlyForDeploymentPostprocessing = 0;
		};
/* End PBXSourcesBuildPhase section */

/* Begin PBXVariantGroup section */
		DC3C98FE203253ED00A9E659 /* Main.storyboard */ = {
			isa = PBXVariantGroup;
			children = (
				DC3C98FF203253ED00A9E659 /* Base */,
			);
			name = Main.storyboard;
			sourceTree = "<group>";
		};
		DC3C9906203253ED00A9E659 /* LaunchScreen.storyboard */ = {
			isa = PBXVariantGroup;
			children = (
				DC3C9907203253ED00A9E659 /* Base */,
			);
			name = LaunchScreen.storyboard;
			sourceTree = "<group>";
		};
/* End PBXVariantGroup section */

/* Begin XCBuildConfiguration section */
		DC3C990A203253ED00A9E659 /* Debug */ = {
			isa = XCBuildConfiguration;
			buildSettings = {
				ALWAYS_SEARCH_USER_PATHS = NO;
				CLANG_ANALYZER_NONNULL = YES;
				CLANG_ANALYZER_NUMBER_OBJECT_CONVERSION = YES_AGGRESSIVE;
				CLANG_CXX_LANGUAGE_STANDARD = "gnu++14";
				CLANG_CXX_LIBRARY = "libc++";
				CLANG_ENABLE_MODULES = YES;
				CLANG_ENABLE_OBJC_ARC = YES;
				CLANG_WARN_BLOCK_CAPTURE_AUTORELEASING = YES;
				CLANG_WARN_BOOL_CONVERSION = YES;
				CLANG_WARN_COMMA = YES;
				CLANG_WARN_CONSTANT_CONVERSION = YES;
				CLANG_WARN_DIRECT_OBJC_ISA_USAGE = YES_ERROR;
				CLANG_WARN_DOCUMENTATION_COMMENTS = YES;
				CLANG_WARN_EMPTY_BODY = YES;
				CLANG_WARN_ENUM_CONVERSION = YES;
				CLANG_WARN_INFINITE_RECURSION = YES;
				CLANG_WARN_INT_CONVERSION = YES;
				CLANG_WARN_NON_LITERAL_NULL_CONVERSION = YES;
				CLANG_WARN_OBJC_LITERAL_CONVERSION = YES;
				CLANG_WARN_OBJC_ROOT_CLASS = YES_ERROR;
				CLANG_WARN_RANGE_LOOP_ANALYSIS = YES;
				CLANG_WARN_STRICT_PROTOTYPES = YES;
				CLANG_WARN_SUSPICIOUS_MOVE = YES;
				CLANG_WARN_UNGUARDED_AVAILABILITY = YES_AGGRESSIVE;
				CLANG_WARN_UNREACHABLE_CODE = YES;
				CLANG_WARN__DUPLICATE_METHOD_MATCH = YES;
				CODE_SIGN_IDENTITY = "iPhone Developer";
				COPY_PHASE_STRIP = NO;
				DEBUG_INFORMATION_FORMAT = dwarf;
				ENABLE_STRICT_OBJC_MSGSEND = YES;
				ENABLE_TESTABILITY = YES;
				GCC_C_LANGUAGE_STANDARD = gnu11;
				GCC_DYNAMIC_NO_PIC = NO;
				GCC_NO_COMMON_BLOCKS = YES;
				GCC_OPTIMIZATION_LEVEL = 0;
				GCC_PREPROCESSOR_DEFINITIONS = (
					"DEBUG=1",
					"$(inherited)",
				);
				GCC_WARN_64_TO_32_BIT_CONVERSION = YES;
				GCC_WARN_ABOUT_RETURN_TYPE = YES_ERROR;
				GCC_WARN_UNDECLARED_SELECTOR = YES;
				GCC_WARN_UNINITIALIZED_AUTOS = YES_AGGRESSIVE;
				GCC_WARN_UNUSED_FUNCTION = YES;
				GCC_WARN_UNUSED_VARIABLE = YES;
				IPHONEOS_DEPLOYMENT_TARGET = 11.2;
				MTL_ENABLE_DEBUG_INFO = YES;
				ONLY_ACTIVE_ARCH = YES;
				SDKROOT = iphoneos;
				SWIFT_ACTIVE_COMPILATION_CONDITIONS = DEBUG;
				SWIFT_OPTIMIZATION_LEVEL = "-Onone";
			};
			name = Debug;
		};
		DC3C990B203253ED00A9E659 /* Release */ = {
			isa = XCBuildConfiguration;
			buildSettings = {
				ALWAYS_SEARCH_USER_PATHS = NO;
				CLANG_ANALYZER_NONNULL = YES;
				CLANG_ANALYZER_NUMBER_OBJECT_CONVERSION = YES_AGGRESSIVE;
				CLANG_CXX_LANGUAGE_STANDARD = "gnu++14";
				CLANG_CXX_LIBRARY = "libc++";
				CLANG_ENABLE_MODULES = YES;
				CLANG_ENABLE_OBJC_ARC = YES;
				CLANG_WARN_BLOCK_CAPTURE_AUTORELEASING = YES;
				CLANG_WARN_BOOL_CONVERSION = YES;
				CLANG_WARN_COMMA = YES;
				CLANG_WARN_CONSTANT_CONVERSION = YES;
				CLANG_WARN_DIRECT_OBJC_ISA_USAGE = YES_ERROR;
				CLANG_WARN_DOCUMENTATION_COMMENTS = YES;
				CLANG_WARN_EMPTY_BODY = YES;
				CLANG_WARN_ENUM_CONVERSION = YES;
				CLANG_WARN_INFINITE_RECURSION = YES;
				CLANG_WARN_INT_CONVERSION = YES;
				CLANG_WARN_NON_LITERAL_NULL_CONVERSION = YES;
				CLANG_WARN_OBJC_LITERAL_CONVERSION = YES;
				CLANG_WARN_OBJC_ROOT_CLASS = YES_ERROR;
				CLANG_WARN_RANGE_LOOP_ANALYSIS = YES;
				CLANG_WARN_STRICT_PROTOTYPES = YES;
				CLANG_WARN_SUSPICIOUS_MOVE = YES;
				CLANG_WARN_UNGUARDED_AVAILABILITY = YES_AGGRESSIVE;
				CLANG_WARN_UNREACHABLE_CODE = YES;
				CLANG_WARN__DUPLICATE_METHOD_MATCH = YES;
				CODE_SIGN_IDENTITY = "iPhone Developer";
				COPY_PHASE_STRIP = NO;
				DEBUG_INFORMATION_FORMAT = "dwarf-with-dsym";
				ENABLE_NS_ASSERTIONS = NO;
				ENABLE_STRICT_OBJC_MSGSEND = YES;
				GCC_C_LANGUAGE_STANDARD = gnu11;
				GCC_NO_COMMON_BLOCKS = YES;
				GCC_WARN_64_TO_32_BIT_CONVERSION = YES;
				GCC_WARN_ABOUT_RETURN_TYPE = YES_ERROR;
				GCC_WARN_UNDECLARED_SELECTOR = YES;
				GCC_WARN_UNINITIALIZED_AUTOS = YES_AGGRESSIVE;
				GCC_WARN_UNUSED_FUNCTION = YES;
				GCC_WARN_UNUSED_VARIABLE = YES;
				IPHONEOS_DEPLOYMENT_TARGET = 11.2;
				MTL_ENABLE_DEBUG_INFO = NO;
				SDKROOT = iphoneos;
				SWIFT_OPTIMIZATION_LEVEL = "-Owholemodule";
				VALIDATE_PRODUCT = YES;
			};
			name = Release;
		};
		DC3C990D203253ED00A9E659 /* Debug */ = {
			isa = XCBuildConfiguration;
			buildSettings = {
				ASSETCATALOG_COMPILER_APPICON_NAME = AppIcon;
				CODE_SIGN_STYLE = Automatic;
				DEVELOPMENT_TEAM = Z8822C26BQ;
				INFOPLIST_FILE = DreamLister/Info.plist;
				LD_RUNPATH_SEARCH_PATHS = "$(inherited) @executable_path/Frameworks";
				PRODUCT_BUNDLE_IDENTIFIER = delexa.DreamLister;
				PRODUCT_NAME = "$(TARGET_NAME)";
				SWIFT_VERSION = 4.0;
				TARGETED_DEVICE_FAMILY = "1,2";
			};
			name = Debug;
		};
		DC3C990E203253ED00A9E659 /* Release */ = {
			isa = XCBuildConfiguration;
			buildSettings = {
				ASSETCATALOG_COMPILER_APPICON_NAME = AppIcon;
				CODE_SIGN_STYLE = Automatic;
				DEVELOPMENT_TEAM = Z8822C26BQ;
				INFOPLIST_FILE = DreamLister/Info.plist;
				LD_RUNPATH_SEARCH_PATHS = "$(inherited) @executable_path/Frameworks";
				PRODUCT_BUNDLE_IDENTIFIER = delexa.DreamLister;
				PRODUCT_NAME = "$(TARGET_NAME)";
				SWIFT_VERSION = 4.0;
				TARGETED_DEVICE_FAMILY = "1,2";
			};
			name = Release;
		};
/* End XCBuildConfiguration section */

/* Begin XCConfigurationList section */
		DC3C98F2203253ED00A9E659 /* Build configuration list for PBXProject "DreamLister" */ = {
			isa = XCConfigurationList;
			buildConfigurations = (
				DC3C990A203253ED00A9E659 /* Debug */,
				DC3C990B203253ED00A9E659 /* Release */,
			);
			defaultConfigurationIsVisible = 0;
			defaultConfigurationName = Release;
		};
		DC3C990C203253ED00A9E659 /* Build configuration list for PBXNativeTarget "DreamLister" */ = {
			isa = XCConfigurationList;
			buildConfigurations = (
				DC3C990D203253ED00A9E659 /* Debug */,
				DC3C990E203253ED00A9E659 /* Release */,
			);
			defaultConfigurationIsVisible = 0;
			defaultConfigurationName = Release;
		};
/* End XCConfigurationList section */

/* Begin XCVersionGroup section */
		DC2D532C20330D3700C60BE7 /* DreamLister.xcdatamodeld */ = {
			isa = XCVersionGroup;
			children = (
				DC2D532D20330D3700C60BE7 /* DreamLister.xcdatamodel */,
			);
			currentVersion = DC2D532D20330D3700C60BE7 /* DreamLister.xcdatamodel */;
			path = DreamLister.xcdatamodeld;
			sourceTree = "<group>";
			versionGroupType = wrapper.xcdatamodel;
		};
/* End XCVersionGroup section */
	};
	rootObject = DC3C98EF203253ED00A9E659 /* Project object */;
}
